
Microsoft Visual Studio Solution File, Format Version 12.00
Project("{2150E333-8FDC-42A3-9474-1A3956D46DE8}") = "Src", "Src", "{38385F64-312D-4D95-9C3C-8A1000CE6CA9}"
EndProject
Project("{2150E333-8FDC-42A3-9474-1A3956D46DE8}") = "ApiGateway", "ApiGateway", "{24DC4081-99D4-45C0-914F-69A50229533A}"
EndProject
Project("{2150E333-8FDC-42A3-9474-1A3956D46DE8}") = "EventBus", "EventBus", "{23AD1A00-2BC4-4BFC-9AED-C7CFCB934F7F}"
EndProject
Project("{2150E333-8FDC-42A3-9474-1A3956D46DE8}") = "Services", "Services", "{C3276345-8B60-4BDC-9396-908D321B2713}"
EndProject
Project("{FAE04EC0-301F-11D3-BF4B-00C04F79EFBC}") = "EventBus.Base", "Src\EventBus\EventBus.Base\EventBus.Base.csproj", "{4626EBE1-F67C-42EA-B0E2-6FAA2060B6F2}"
EndProject
Project("{FAE04EC0-301F-11D3-BF4B-00C04F79EFBC}") = "EventBus.RabbitMQ", "Src\EventBus\EventBus.RabbitMQ\EventBus.RabbitMQ.csproj", "{9BAB5DC2-6712-4BBA-87A8-380876281560}"
EndProject
Project("{2150E333-8FDC-42A3-9474-1A3956D46DE8}") = "IdentityService", "IdentityService", "{1691DCCF-72AB-495C-B27C-F68A725E76BD}"
EndProject
Project("{FAE04EC0-301F-11D3-BF4B-00C04F79EFBC}") = "IdentityService.Api", "Src\IdentityService\IdentityService.Api\IdentityService.Api.csproj", "{93C715A5-082B-498F-8E14-E347C1FB777C}"
EndProject
Project("{2150E333-8FDC-42A3-9474-1A3956D46DE8}") = "Shared", "Shared", "{879F02B6-373E-4E6F-8CA4-EAB63FB660A5}"
EndProject
Project("{FAE04EC0-301F-11D3-BF4B-00C04F79EFBC}") = "Shared", "Src\Shared\Shared\Shared.csproj", "{EDCD02D8-7BCF-4C34-A83C-A63A2DFADB03}"
EndProject
Global
	GlobalSection(SolutionConfigurationPlatforms) = preSolution
		Debug|Any CPU = Debug|Any CPU
		Release|Any CPU = Release|Any CPU
	EndGlobalSection
	GlobalSection(NestedProjects) = preSolution
		{24DC4081-99D4-45C0-914F-69A50229533A} = {38385F64-312D-4D95-9C3C-8A1000CE6CA9}
		{23AD1A00-2BC4-4BFC-9AED-C7CFCB934F7F} = {38385F64-312D-4D95-9C3C-8A1000CE6CA9}
		{C3276345-8B60-4BDC-9396-908D321B2713} = {38385F64-312D-4D95-9C3C-8A1000CE6CA9}
		{4626EBE1-F67C-42EA-B0E2-6FAA2060B6F2} = {23AD1A00-2BC4-4BFC-9AED-C7CFCB934F7F}
		{9BAB5DC2-6712-4BBA-87A8-380876281560} = {23AD1A00-2BC4-4BFC-9AED-C7CFCB934F7F}
		{1691DCCF-72AB-495C-B27C-F68A725E76BD} = {C3276345-8B60-4BDC-9396-908D321B2713}
		{93C715A5-082B-498F-8E14-E347C1FB777C} = {1691DCCF-72AB-495C-B27C-F68A725E76BD}
		{879F02B6-373E-4E6F-8CA4-EAB63FB660A5} = {38385F64-312D-4D95-9C3C-8A1000CE6CA9}
		{EDCD02D8-7BCF-4C34-A83C-A63A2DFADB03} = {879F02B6-373E-4E6F-8CA4-EAB63FB660A5}
	EndGlobalSection
	GlobalSection(ProjectConfigurationPlatforms) = postSolution
		{4626EBE1-F67C-42EA-B0E2-6FAA2060B6F2}.Debug|Any CPU.ActiveCfg = Debug|Any CPU
		{4626EBE1-F67C-42EA-B0E2-6FAA2060B6F2}.Debug|Any CPU.Build.0 = Debug|Any CPU
		{4626EBE1-F67C-42EA-B0E2-6FAA2060B6F2}.Release|Any CPU.ActiveCfg = Release|Any CPU
		{4626EBE1-F67C-42EA-B0E2-6FAA2060B6F2}.Release|Any CPU.Build.0 = Release|Any CPU
		{9BAB5DC2-6712-4BBA-87A8-380876281560}.Debug|Any CPU.ActiveCfg = Debug|Any CPU
		{9BAB5DC2-6712-4BBA-87A8-380876281560}.Debug|Any CPU.Build.0 = Debug|Any CPU
		{9BAB5DC2-6712-4BBA-87A8-380876281560}.Release|Any CPU.ActiveCfg = Release|Any CPU
		{9BAB5DC2-6712-4BBA-87A8-380876281560}.Release|Any CPU.Build.0 = Release|Any CPU
		{93C715A5-082B-498F-8E14-E347C1FB777C}.Debug|Any CPU.ActiveCfg = Debug|Any CPU
		{93C715A5-082B-498F-8E14-E347C1FB777C}.Debug|Any CPU.Build.0 = Debug|Any CPU
		{93C715A5-082B-498F-8E14-E347C1FB777C}.Release|Any CPU.ActiveCfg = Release|Any CPU
		{93C715A5-082B-498F-8E14-E347C1FB777C}.Release|Any CPU.Build.0 = Release|Any CPU
		{EDCD02D8-7BCF-4C34-A83C-A63A2DFADB03}.Debug|Any CPU.ActiveCfg = Debug|Any CPU
		{EDCD02D8-7BCF-4C34-A83C-A63A2DFADB03}.Debug|Any CPU.Build.0 = Debug|Any CPU
		{EDCD02D8-7BCF-4C34-A83C-A63A2DFADB03}.Release|Any CPU.ActiveCfg = Release|Any CPU
		{EDCD02D8-7BCF-4C34-A83C-A63A2DFADB03}.Release|Any CPU.Build.0 = Release|Any CPU
	EndGlobalSection
EndGlobal
