
Microsoft Visual Studio Solution File, Format Version 12.00
Project("{2150E333-8FDC-42A3-9474-1A3956D46DE8}") = "Src", "Src", "{38385F64-312D-4D95-9C3C-8A1000CE6CA9}"
EndProject
Project("{2150E333-8FDC-42A3-9474-1A3956D46DE8}") = "ApiGateway", "ApiGateway", "{24DC4081-99D4-45C0-914F-69A50229533A}"
EndProject
Project("{2150E333-8FDC-42A3-9474-1A3956D46DE8}") = "EventBus", "EventBus", "{23AD1A00-2BC4-4BFC-9AED-C7CFCB934F7F}"
EndProject
Project("{2150E333-8FDC-42A3-9474-1A3956D46DE8}") = "Services", "Services", "{C3276345-8B60-4BDC-9396-908D321B2713}"
EndProject
Project("{FAE04EC0-301F-11D3-BF4B-00C04F79EFBC}") = "EventBus.Base", "Src\EventBus\EventBus.Base\EventBus.Base.csproj", "{4626EBE1-F67C-42EA-B0E2-6FAA2060B6F2}"
EndProject
Project("{FAE04EC0-301F-11D3-BF4B-00C04F79EFBC}") = "EventBus.RabbitMQ", "Src\EventBus\EventBus.RabbitMQ\EventBus.RabbitMQ.csproj", "{9BAB5DC2-6712-4BBA-87A8-380876281560}"
EndProject
Project("{2150E333-8FDC-42A3-9474-1A3956D46DE8}") = "Shared", "Shared", "{879F02B6-373E-4E6F-8CA4-EAB63FB660A5}"
EndProject
Project("{FAE04EC0-301F-11D3-BF4B-00C04F79EFBC}") = "Shared", "Src\Shared\Shared\Shared.csproj", "{EDCD02D8-7BCF-4C34-A83C-A63A2DFADB03}"
EndProject
Project("{2150E333-8FDC-42A3-9474-1A3956D46DE8}") = "IdentityService", "IdentityService", "{0FB1E4B7-5160-4945-A703-8004515BF501}"
EndProject
Project("{FAE04EC0-301F-11D3-BF4B-00C04F79EFBC}") = "IdentityService.Api", "Src\Services\IdentityService\IdentityService.Api\IdentityService.Api.csproj", "{1555AA11-6D6C-4B4B-A6C0-6F5BFF2E8061}"
EndProject
Project("{FAE04EC0-301F-11D3-BF4B-00C04F79EFBC}") = "IdentityService.Domain", "Src\Services\IdentityService\IdentityService.Domain\IdentityService.Domain.csproj", "{32C7C49B-8290-4C41-9D89-2DDB82B0F01D}"
EndProject
Project("{FAE04EC0-301F-11D3-BF4B-00C04F79EFBC}") = "IdentityService.Application", "Src\Services\IdentityService\IdentityService.Application\IdentityService.Application.csproj", "{55387F90-F6CB-477D-B4CA-B0CF718C6B81}"
EndProject
Project("{FAE04EC0-301F-11D3-BF4B-00C04F79EFBC}") = "IdentityService.Infrastructure", "Src\Services\IdentityService\IdentityService.Infrastructure\IdentityService.Infrastructure.csproj", "{27A75B33-2E12-48AC-9B93-B780174277B2}"
EndProject
Project("{2150E333-8FDC-42A3-9474-1A3956D46DE8}") = "FakePaymentService", "FakePaymentService", "{D18157DE-97BF-45F0-BB49-B5DDDA3EEB68}"
EndProject
Project("{FAE04EC0-301F-11D3-BF4B-00C04F79EFBC}") = "FakePaymentService.Domain", "Src\Services\FakePaymentService\FakePaymentService.Domain\FakePaymentService.Domain.csproj", "{7AD0A10F-B097-4C11-80DC-73478C36ED8C}"
EndProject
Project("{FAE04EC0-301F-11D3-BF4B-00C04F79EFBC}") = "FakePaymentService.Application", "Src\Services\FakePaymentService\FakePaymentService.Application\FakePaymentService.Application.csproj", "{C9BEC637-E650-4994-B2D2-CF61C4F7D805}"
EndProject
Project("{FAE04EC0-301F-11D3-BF4B-00C04F79EFBC}") = "FakePaymentService.Infrastructure", "Src\Services\FakePaymentService\FakePaymentService.Infrastructure\FakePaymentService.Infrastructure.csproj", "{4BD3412C-5672-4198-BED3-CD996F3D231E}"
EndProject
Project("{FAE04EC0-301F-11D3-BF4B-00C04F79EFBC}") = "FakePaymentService.Api", "Src\Services\FakePaymentService\FakePaymentService.Api\FakePaymentService.Api.csproj", "{6797EBF2-8A60-4075-ACAA-93D5A8DFD958}"
EndProject
Project("{2150E333-8FDC-42A3-9474-1A3956D46DE8}") = "HotelReservationService", "HotelReservationService", "{768C4315-EFC2-4B67-B0FC-D949EF50C87B}"
EndProject
Project("{FAE04EC0-301F-11D3-BF4B-00C04F79EFBC}") = "HotelReservationService.Domain", "Src\Services\HotelReservationService\HotelReservationService.Domain\HotelReservationService.Domain.csproj", "{E9E79E90-261B-486F-A34A-F775E8C28632}"
EndProject
Project("{FAE04EC0-301F-11D3-BF4B-00C04F79EFBC}") = "HotelReservationService.Application", "Src\Services\HotelReservationService\HotelReservationService.Application\HotelReservationService.Application.csproj", "{623602D8-EE75-42E0-A6C0-AC0A7E4AC47E}"
EndProject
Project("{FAE04EC0-301F-11D3-BF4B-00C04F79EFBC}") = "HotelReservationService.Infrastracture", "Src\Services\HotelReservationService\HotelReservationService.Infrastracture\HotelReservationService.Infrastracture.csproj", "{DA8D8496-0A44-4B8F-92D8-F0B6DCF1C08C}"
EndProject
Project("{FAE04EC0-301F-11D3-BF4B-00C04F79EFBC}") = "HotelReservationService.Api", "Src\Services\HotelReservationService\HotelReservationService.Api\HotelReservationService.Api.csproj", "{CDE28AC5-63BF-41FD-AE7D-B3F359607E01}"
EndProject
Project("{2150E333-8FDC-42A3-9474-1A3956D46DE8}") = "NotificationService", "NotificationService", "{7263E7D1-2249-4210-AB01-558B369FD7EF}"
EndProject
Project("{FAE04EC0-301F-11D3-BF4B-00C04F79EFBC}") = "NotificationService.Api", "Src\Services\NotificationService\NotificationService.Api\NotificationService.Api.csproj", "{A97C47CC-E7B7-4CCD-B13E-715126AAE1E9}"
EndProject
Project("{FAE04EC0-301F-11D3-BF4B-00C04F79EFBC}") = "HotelReservation.ApiGateway", "Src\ApiGateway\HotelReservation.ApiGateway\HotelReservation.ApiGateway.csproj", "{9EF0DDFC-2729-4BEB-97C2-475818C8ED08}"
EndProject
Global
	GlobalSection(SolutionConfigurationPlatforms) = preSolution
		Debug|Any CPU = Debug|Any CPU
		Release|Any CPU = Release|Any CPU
	EndGlobalSection
	GlobalSection(NestedProjects) = preSolution
		{24DC4081-99D4-45C0-914F-69A50229533A} = {38385F64-312D-4D95-9C3C-8A1000CE6CA9}
		{23AD1A00-2BC4-4BFC-9AED-C7CFCB934F7F} = {38385F64-312D-4D95-9C3C-8A1000CE6CA9}
		{C3276345-8B60-4BDC-9396-908D321B2713} = {38385F64-312D-4D95-9C3C-8A1000CE6CA9}
		{4626EBE1-F67C-42EA-B0E2-6FAA2060B6F2} = {23AD1A00-2BC4-4BFC-9AED-C7CFCB934F7F}
		{9BAB5DC2-6712-4BBA-87A8-380876281560} = {23AD1A00-2BC4-4BFC-9AED-C7CFCB934F7F}
		{879F02B6-373E-4E6F-8CA4-EAB63FB660A5} = {38385F64-312D-4D95-9C3C-8A1000CE6CA9}
		{EDCD02D8-7BCF-4C34-A83C-A63A2DFADB03} = {879F02B6-373E-4E6F-8CA4-EAB63FB660A5}
		{0FB1E4B7-5160-4945-A703-8004515BF501} = {C3276345-8B60-4BDC-9396-908D321B2713}
		{1555AA11-6D6C-4B4B-A6C0-6F5BFF2E8061} = {0FB1E4B7-5160-4945-A703-8004515BF501}
		{32C7C49B-8290-4C41-9D89-2DDB82B0F01D} = {0FB1E4B7-5160-4945-A703-8004515BF501}
		{55387F90-F6CB-477D-B4CA-B0CF718C6B81} = {0FB1E4B7-5160-4945-A703-8004515BF501}
		{27A75B33-2E12-48AC-9B93-B780174277B2} = {0FB1E4B7-5160-4945-A703-8004515BF501}
		{D18157DE-97BF-45F0-BB49-B5DDDA3EEB68} = {C3276345-8B60-4BDC-9396-908D321B2713}
		{7AD0A10F-B097-4C11-80DC-73478C36ED8C} = {D18157DE-97BF-45F0-BB49-B5DDDA3EEB68}
		{C9BEC637-E650-4994-B2D2-CF61C4F7D805} = {D18157DE-97BF-45F0-BB49-B5DDDA3EEB68}
		{4BD3412C-5672-4198-BED3-CD996F3D231E} = {D18157DE-97BF-45F0-BB49-B5DDDA3EEB68}
		{6797EBF2-8A60-4075-ACAA-93D5A8DFD958} = {D18157DE-97BF-45F0-BB49-B5DDDA3EEB68}
		{768C4315-EFC2-4B67-B0FC-D949EF50C87B} = {C3276345-8B60-4BDC-9396-908D321B2713}
		{E9E79E90-261B-486F-A34A-F775E8C28632} = {768C4315-EFC2-4B67-B0FC-D949EF50C87B}
		{623602D8-EE75-42E0-A6C0-AC0A7E4AC47E} = {768C4315-EFC2-4B67-B0FC-D949EF50C87B}
		{DA8D8496-0A44-4B8F-92D8-F0B6DCF1C08C} = {768C4315-EFC2-4B67-B0FC-D949EF50C87B}
		{CDE28AC5-63BF-41FD-AE7D-B3F359607E01} = {768C4315-EFC2-4B67-B0FC-D949EF50C87B}
		{7263E7D1-2249-4210-AB01-558B369FD7EF} = {C3276345-8B60-4BDC-9396-908D321B2713}
		{A97C47CC-E7B7-4CCD-B13E-715126AAE1E9} = {7263E7D1-2249-4210-AB01-558B369FD7EF}
		{9EF0DDFC-2729-4BEB-97C2-475818C8ED08} = {24DC4081-99D4-45C0-914F-69A50229533A}
	EndGlobalSection
	GlobalSection(ProjectConfigurationPlatforms) = postSolution
		{4626EBE1-F67C-42EA-B0E2-6FAA2060B6F2}.Debug|Any CPU.ActiveCfg = Debug|Any CPU
		{4626EBE1-F67C-42EA-B0E2-6FAA2060B6F2}.Debug|Any CPU.Build.0 = Debug|Any CPU
		{4626EBE1-F67C-42EA-B0E2-6FAA2060B6F2}.Release|Any CPU.ActiveCfg = Release|Any CPU
		{4626EBE1-F67C-42EA-B0E2-6FAA2060B6F2}.Release|Any CPU.Build.0 = Release|Any CPU
		{9BAB5DC2-6712-4BBA-87A8-380876281560}.Debug|Any CPU.ActiveCfg = Debug|Any CPU
		{9BAB5DC2-6712-4BBA-87A8-380876281560}.Debug|Any CPU.Build.0 = Debug|Any CPU
		{9BAB5DC2-6712-4BBA-87A8-380876281560}.Release|Any CPU.ActiveCfg = Release|Any CPU
		{9BAB5DC2-6712-4BBA-87A8-380876281560}.Release|Any CPU.Build.0 = Release|Any CPU
		{EDCD02D8-7BCF-4C34-A83C-A63A2DFADB03}.Debug|Any CPU.ActiveCfg = Debug|Any CPU
		{EDCD02D8-7BCF-4C34-A83C-A63A2DFADB03}.Debug|Any CPU.Build.0 = Debug|Any CPU
		{EDCD02D8-7BCF-4C34-A83C-A63A2DFADB03}.Release|Any CPU.ActiveCfg = Release|Any CPU
		{EDCD02D8-7BCF-4C34-A83C-A63A2DFADB03}.Release|Any CPU.Build.0 = Release|Any CPU
		{1555AA11-6D6C-4B4B-A6C0-6F5BFF2E8061}.Debug|Any CPU.ActiveCfg = Debug|Any CPU
		{1555AA11-6D6C-4B4B-A6C0-6F5BFF2E8061}.Debug|Any CPU.Build.0 = Debug|Any CPU
		{1555AA11-6D6C-4B4B-A6C0-6F5BFF2E8061}.Release|Any CPU.ActiveCfg = Release|Any CPU
		{1555AA11-6D6C-4B4B-A6C0-6F5BFF2E8061}.Release|Any CPU.Build.0 = Release|Any CPU
		{32C7C49B-8290-4C41-9D89-2DDB82B0F01D}.Debug|Any CPU.ActiveCfg = Debug|Any CPU
		{32C7C49B-8290-4C41-9D89-2DDB82B0F01D}.Debug|Any CPU.Build.0 = Debug|Any CPU
		{32C7C49B-8290-4C41-9D89-2DDB82B0F01D}.Release|Any CPU.ActiveCfg = Release|Any CPU
		{32C7C49B-8290-4C41-9D89-2DDB82B0F01D}.Release|Any CPU.Build.0 = Release|Any CPU
		{55387F90-F6CB-477D-B4CA-B0CF718C6B81}.Debug|Any CPU.ActiveCfg = Debug|Any CPU
		{55387F90-F6CB-477D-B4CA-B0CF718C6B81}.Debug|Any CPU.Build.0 = Debug|Any CPU
		{55387F90-F6CB-477D-B4CA-B0CF718C6B81}.Release|Any CPU.ActiveCfg = Release|Any CPU
		{55387F90-F6CB-477D-B4CA-B0CF718C6B81}.Release|Any CPU.Build.0 = Release|Any CPU
		{27A75B33-2E12-48AC-9B93-B780174277B2}.Debug|Any CPU.ActiveCfg = Debug|Any CPU
		{27A75B33-2E12-48AC-9B93-B780174277B2}.Debug|Any CPU.Build.0 = Debug|Any CPU
		{27A75B33-2E12-48AC-9B93-B780174277B2}.Release|Any CPU.ActiveCfg = Release|Any CPU
		{27A75B33-2E12-48AC-9B93-B780174277B2}.Release|Any CPU.Build.0 = Release|Any CPU
		{7AD0A10F-B097-4C11-80DC-73478C36ED8C}.Debug|Any CPU.ActiveCfg = Debug|Any CPU
		{7AD0A10F-B097-4C11-80DC-73478C36ED8C}.Debug|Any CPU.Build.0 = Debug|Any CPU
		{7AD0A10F-B097-4C11-80DC-73478C36ED8C}.Release|Any CPU.ActiveCfg = Release|Any CPU
		{7AD0A10F-B097-4C11-80DC-73478C36ED8C}.Release|Any CPU.Build.0 = Release|Any CPU
		{C9BEC637-E650-4994-B2D2-CF61C4F7D805}.Debug|Any CPU.ActiveCfg = Debug|Any CPU
		{C9BEC637-E650-4994-B2D2-CF61C4F7D805}.Debug|Any CPU.Build.0 = Debug|Any CPU
		{C9BEC637-E650-4994-B2D2-CF61C4F7D805}.Release|Any CPU.ActiveCfg = Release|Any CPU
		{C9BEC637-E650-4994-B2D2-CF61C4F7D805}.Release|Any CPU.Build.0 = Release|Any CPU
		{4BD3412C-5672-4198-BED3-CD996F3D231E}.Debug|Any CPU.ActiveCfg = Debug|Any CPU
		{4BD3412C-5672-4198-BED3-CD996F3D231E}.Debug|Any CPU.Build.0 = Debug|Any CPU
		{4BD3412C-5672-4198-BED3-CD996F3D231E}.Release|Any CPU.ActiveCfg = Release|Any CPU
		{4BD3412C-5672-4198-BED3-CD996F3D231E}.Release|Any CPU.Build.0 = Release|Any CPU
		{6797EBF2-8A60-4075-ACAA-93D5A8DFD958}.Debug|Any CPU.ActiveCfg = Debug|Any CPU
		{6797EBF2-8A60-4075-ACAA-93D5A8DFD958}.Debug|Any CPU.Build.0 = Debug|Any CPU
		{6797EBF2-8A60-4075-ACAA-93D5A8DFD958}.Release|Any CPU.ActiveCfg = Release|Any CPU
		{6797EBF2-8A60-4075-ACAA-93D5A8DFD958}.Release|Any CPU.Build.0 = Release|Any CPU
		{E9E79E90-261B-486F-A34A-F775E8C28632}.Debug|Any CPU.ActiveCfg = Debug|Any CPU
		{E9E79E90-261B-486F-A34A-F775E8C28632}.Debug|Any CPU.Build.0 = Debug|Any CPU
		{E9E79E90-261B-486F-A34A-F775E8C28632}.Release|Any CPU.ActiveCfg = Release|Any CPU
		{E9E79E90-261B-486F-A34A-F775E8C28632}.Release|Any CPU.Build.0 = Release|Any CPU
		{623602D8-EE75-42E0-A6C0-AC0A7E4AC47E}.Debug|Any CPU.ActiveCfg = Debug|Any CPU
		{623602D8-EE75-42E0-A6C0-AC0A7E4AC47E}.Debug|Any CPU.Build.0 = Debug|Any CPU
		{623602D8-EE75-42E0-A6C0-AC0A7E4AC47E}.Release|Any CPU.ActiveCfg = Release|Any CPU
		{623602D8-EE75-42E0-A6C0-AC0A7E4AC47E}.Release|Any CPU.Build.0 = Release|Any CPU
		{DA8D8496-0A44-4B8F-92D8-F0B6DCF1C08C}.Debug|Any CPU.ActiveCfg = Debug|Any CPU
		{DA8D8496-0A44-4B8F-92D8-F0B6DCF1C08C}.Debug|Any CPU.Build.0 = Debug|Any CPU
		{DA8D8496-0A44-4B8F-92D8-F0B6DCF1C08C}.Release|Any CPU.ActiveCfg = Release|Any CPU
		{DA8D8496-0A44-4B8F-92D8-F0B6DCF1C08C}.Release|Any CPU.Build.0 = Release|Any CPU
		{CDE28AC5-63BF-41FD-AE7D-B3F359607E01}.Debug|Any CPU.ActiveCfg = Debug|Any CPU
		{CDE28AC5-63BF-41FD-AE7D-B3F359607E01}.Debug|Any CPU.Build.0 = Debug|Any CPU
		{CDE28AC5-63BF-41FD-AE7D-B3F359607E01}.Release|Any CPU.ActiveCfg = Release|Any CPU
		{CDE28AC5-63BF-41FD-AE7D-B3F359607E01}.Release|Any CPU.Build.0 = Release|Any CPU
		{A97C47CC-E7B7-4CCD-B13E-715126AAE1E9}.Debug|Any CPU.ActiveCfg = Debug|Any CPU
		{A97C47CC-E7B7-4CCD-B13E-715126AAE1E9}.Debug|Any CPU.Build.0 = Debug|Any CPU
		{A97C47CC-E7B7-4CCD-B13E-715126AAE1E9}.Release|Any CPU.ActiveCfg = Release|Any CPU
		{A97C47CC-E7B7-4CCD-B13E-715126AAE1E9}.Release|Any CPU.Build.0 = Release|Any CPU
		{9EF0DDFC-2729-4BEB-97C2-475818C8ED08}.Debug|Any CPU.ActiveCfg = Debug|Any CPU
		{9EF0DDFC-2729-4BEB-97C2-475818C8ED08}.Debug|Any CPU.Build.0 = Debug|Any CPU
		{9EF0DDFC-2729-4BEB-97C2-475818C8ED08}.Release|Any CPU.ActiveCfg = Release|Any CPU
		{9EF0DDFC-2729-4BEB-97C2-475818C8ED08}.Release|Any CPU.Build.0 = Release|Any CPU
	EndGlobalSection
EndGlobal
